
Microsoft Visual Studio Solution File, Format Version 12.00
# Visual Studio Version 17
VisualStudioVersion = 17.14.36310.24 d17.14
MinimumVisualStudioVersion = 10.0.40219.1
Project("{FAE04EC0-301F-11D3-BF4B-00C04F79EFBC}") = "HojaDeTrabajo1-DiegoHernandez-2500508", "HojaDeTrabajo1-DiegoHernandez-2500508\HojaDeTrabajo1-DiegoHernandez-2500508.csproj", "{200DA70B-959E-46A1-9FC2-C2E2CD5A0606}"
EndProject
Global
	GlobalSection(SolutionConfigurationPlatforms) = preSolution
		Debug|Any CPU = Debug|Any CPU
		Release|Any CPU = Release|Any CPU
	EndGlobalSection
	GlobalSection(ProjectConfigurationPlatforms) = postSolution
		{200DA70B-959E-46A1-9FC2-C2E2CD5A0606}.Debug|Any CPU.ActiveCfg = Debug|Any CPU
		{200DA70B-959E-46A1-9FC2-C2E2CD5A0606}.Debug|Any CPU.Build.0 = Debug|Any CPU
		{200DA70B-959E-46A1-9FC2-C2E2CD5A0606}.Release|Any CPU.ActiveCfg = Release|Any CPU
		{200DA70B-959E-46A1-9FC2-C2E2CD5A0606}.Release|Any CPU.Build.0 = Release|Any CPU
	EndGlobalSection
	GlobalSection(SolutionProperties) = preSolution
		HideSolutionNode = FALSE
	EndGlobalSection
	GlobalSection(ExtensibilityGlobals) = postSolution
		SolutionGuid = {FADD764E-5B16-4249-B9E0-1240A479AC92}
	EndGlobalSection
EndGlobal
